
Microsoft Visual Studio Solution File, Format Version 12.00
# Visual Studio Version 17
VisualStudioVersion = 17.6.33723.286
MinimumVisualStudioVersion = 10.0.40219.1
Project("{FAE04EC0-301F-11D3-BF4B-00C04F79EFBC}") = "BeeSolver1", "BeeSolver1.csproj", "{FE492CFF-E0E8-48A0-B66F-9F3719441D4D}"
EndProject
Global
	GlobalSection(SolutionConfigurationPlatforms) = preSolution
		Debug|Any CPU = Debug|Any CPU
		Release|Any CPU = Release|Any CPU
	EndGlobalSection
	GlobalSection(ProjectConfigurationPlatforms) = postSolution
		{FE492CFF-E0E8-48A0-B66F-9F3719441D4D}.Debug|Any CPU.ActiveCfg = Debug|Any CPU
		{FE492CFF-E0E8-48A0-B66F-9F3719441D4D}.Debug|Any CPU.Build.0 = Debug|Any CPU
		{FE492CFF-E0E8-48A0-B66F-9F3719441D4D}.Release|Any CPU.ActiveCfg = Release|Any CPU
		{FE492CFF-E0E8-48A0-B66F-9F3719441D4D}.Release|Any CPU.Build.0 = Release|Any CPU
	EndGlobalSection
	GlobalSection(SolutionProperties) = preSolution
		HideSolutionNode = FALSE
	EndGlobalSection
	GlobalSection(ExtensibilityGlobals) = postSolution
		SolutionGuid = {B443FD13-DCD3-47ED-9FB0-1DC436A79533}
	EndGlobalSection
EndGlobal
